
Microsoft Visual Studio Solution File, Format Version 12.00
# Visual Studio Version 17
VisualStudioVersion = 17.5.33516.290
MinimumVisualStudioVersion = 10.0.40219.1
Project("{FAE04EC0-301F-11D3-BF4B-00C04F79EFBC}") = "CAProject", "CAProject\CAProject.csproj", "{F64ACE2B-42F3-4F94-AAD0-79F0D098AEB6}"
EndProject
Project("{FAE04EC0-301F-11D3-BF4B-00C04F79EFBC}") = "CAProject.Core", "CAProject.Core\CAProject.Core.csproj", "{B4342C9F-5FF0-44FB-A8AF-4FFBECABA65A}"
EndProject
Project("{FAE04EC0-301F-11D3-BF4B-00C04F79EFBC}") = "CAProject.Data", "CAProject.Data\CAProject.Data.csproj", "{1A7CD851-726C-4921-A28C-D58555415095}"
EndProject
Project("{FAE04EC0-301F-11D3-BF4B-00C04F79EFBC}") = "CAProject.Service", "CAProject.Service\CAProject.Service.csproj", "{F7178A85-1803-4396-A5F6-B4C41D32A03A}"
EndProject
Global
	GlobalSection(SolutionConfigurationPlatforms) = preSolution
		Debug|Any CPU = Debug|Any CPU
		Release|Any CPU = Release|Any CPU
	EndGlobalSection
	GlobalSection(ProjectConfigurationPlatforms) = postSolution
		{F64ACE2B-42F3-4F94-AAD0-79F0D098AEB6}.Debug|Any CPU.ActiveCfg = Debug|Any CPU
		{F64ACE2B-42F3-4F94-AAD0-79F0D098AEB6}.Debug|Any CPU.Build.0 = Debug|Any CPU
		{F64ACE2B-42F3-4F94-AAD0-79F0D098AEB6}.Release|Any CPU.ActiveCfg = Release|Any CPU
		{F64ACE2B-42F3-4F94-AAD0-79F0D098AEB6}.Release|Any CPU.Build.0 = Release|Any CPU
		{B4342C9F-5FF0-44FB-A8AF-4FFBECABA65A}.Debug|Any CPU.ActiveCfg = Debug|Any CPU
		{B4342C9F-5FF0-44FB-A8AF-4FFBECABA65A}.Debug|Any CPU.Build.0 = Debug|Any CPU
		{B4342C9F-5FF0-44FB-A8AF-4FFBECABA65A}.Release|Any CPU.ActiveCfg = Release|Any CPU
		{B4342C9F-5FF0-44FB-A8AF-4FFBECABA65A}.Release|Any CPU.Build.0 = Release|Any CPU
		{1A7CD851-726C-4921-A28C-D58555415095}.Debug|Any CPU.ActiveCfg = Debug|Any CPU
		{1A7CD851-726C-4921-A28C-D58555415095}.Debug|Any CPU.Build.0 = Debug|Any CPU
		{1A7CD851-726C-4921-A28C-D58555415095}.Release|Any CPU.ActiveCfg = Release|Any CPU
		{1A7CD851-726C-4921-A28C-D58555415095}.Release|Any CPU.Build.0 = Release|Any CPU
		{F7178A85-1803-4396-A5F6-B4C41D32A03A}.Debug|Any CPU.ActiveCfg = Debug|Any CPU
		{F7178A85-1803-4396-A5F6-B4C41D32A03A}.Debug|Any CPU.Build.0 = Debug|Any CPU
		{F7178A85-1803-4396-A5F6-B4C41D32A03A}.Release|Any CPU.ActiveCfg = Release|Any CPU
		{F7178A85-1803-4396-A5F6-B4C41D32A03A}.Release|Any CPU.Build.0 = Release|Any CPU
	EndGlobalSection
	GlobalSection(SolutionProperties) = preSolution
		HideSolutionNode = FALSE
	EndGlobalSection
	GlobalSection(ExtensibilityGlobals) = postSolution
		SolutionGuid = {DBF5A776-81D2-4733-8FF1-E1ACAB65FBE7}
	EndGlobalSection
EndGlobal
